
Microsoft Visual Studio Solution File, Format Version 12.00
# Visual Studio Version 17
VisualStudioVersion = 17.2.32602.215
MinimumVisualStudioVersion = 10.0.40219.1
Project("{FAE04EC0-301F-11D3-BF4B-00C04F79EFBC}") = "VisualSoftApp", "VisualSoftApp\VisualSoftApp.csproj", "{981597B4-8DE8-442A-952A-2DAB1064D0BA}"
EndProject
Global
	GlobalSection(SolutionConfigurationPlatforms) = preSolution
		Debug|Any CPU = Debug|Any CPU
		Release|Any CPU = Release|Any CPU
	EndGlobalSection
	GlobalSection(ProjectConfigurationPlatforms) = postSolution
		{981597B4-8DE8-442A-952A-2DAB1064D0BA}.Debug|Any CPU.ActiveCfg = Debug|Any CPU
		{981597B4-8DE8-442A-952A-2DAB1064D0BA}.Debug|Any CPU.Build.0 = Debug|Any CPU
		{981597B4-8DE8-442A-952A-2DAB1064D0BA}.Release|Any CPU.ActiveCfg = Release|Any CPU
		{981597B4-8DE8-442A-952A-2DAB1064D0BA}.Release|Any CPU.Build.0 = Release|Any CPU
	EndGlobalSection
	GlobalSection(SolutionProperties) = preSolution
		HideSolutionNode = FALSE
	EndGlobalSection
	GlobalSection(ExtensibilityGlobals) = postSolution
		SolutionGuid = {F5E5D68A-C7FE-486A-B893-9AEEC3EAA7FC}
	EndGlobalSection
EndGlobal
